{
  "name": "ngrx-dispatch",
  "version": "0.0.1",
  "lockfileVersion": 1,
  "requires": true,
  "dependencies": {
    "@ngrx/store": {
      "version": "10.1.0",
      "resolved": "https://registry.npmjs.org/@ngrx/store/-/store-10.1.0.tgz",
      "integrity": "sha512-CBr9Jxd7Q4KYKNXuyhhd+AW2wzuScpH0aPdkbe7+PZOaUNTeBwGbrlmAr5L4FIJarmk4y0hZJH2o/gxRnp9mpQ==",
      "requires": {
        "tslib": "^2.0.0"
      }
    },
    "tslib": {
      "version": "2.0.3",
      "resolved": "https://registry.npmjs.org/tslib/-/tslib-2.0.3.tgz",
      "integrity": "sha512-uZtkfKblCEQtZKBF6EBXVZeQNl82yqtDQdv+eck8u7tdPxjLu2/lp5/uPW+um2tpuxINHWy3GhiccY7QgEaVHQ=="
    }
  }
}
